[[package]]
name = "asgiref"
version = "3.6.0"
requires_python = ">=3.7"
summary = "ASGI specs, helper code, and adapters"
dependencies = [
    "typing-extensions; python_version < \"3.8\"",
]

[[package]]
name = "django"
version = "3.2.16"
requires_python = ">=3.6"
summary = "A high-level Python Web framework that encourages rapid development and clean, pragmatic design."
dependencies = [
    "asgiref<4,>=3.3.2",
    "pytz",
    "sqlparse>=0.2.2",
]

[[package]]
name = "django-ninja"
version = "0.20.0"
requires_python = ">=3.7"
summary = "Django Ninja - Fast Django REST framework"
dependencies = [
    "Django>=2.2",
    "pydantic<2.0.0,>=1.6",
]

[[package]]
name = "einops"
version = "0.6.0"
requires_python = ">=3.7"
summary = "A new flavour of deep learning operations"

[[package]]
name = "nvidia-cublas-cu11"
version = "11.10.3.66"
requires_python = ">=3"
summary = "CUBLAS native runtime libraries"
dependencies = [
    "setuptools",
    "wheel",
]

[[package]]
name = "nvidia-cuda-nvrtc-cu11"
version = "11.7.99"
requires_python = ">=3"
summary = "NVRTC native runtime libraries"

[[package]]
name = "nvidia-cuda-runtime-cu11"
version = "11.7.99"
requires_python = ">=3"
summary = "CUDA Runtime native Libraries"
dependencies = [
    "setuptools",
    "wheel",
]

[[package]]
name = "nvidia-cudnn-cu11"
version = "8.5.0.96"
requires_python = ">=3"
summary = "cuDNN runtime libraries"
dependencies = [
    "nvidia-cublas-cu11",
]

[[package]]
name = "pydantic"
version = "1.10.2"
requires_python = ">=3.7"
summary = "Data validation and settings management using python type hints"
dependencies = [
    "typing-extensions>=4.1.0",
]

[[package]]
name = "pytz"
version = "2022.7"
summary = "World timezone definitions, modern and historical"

[[package]]
name = "setuptools"
version = "65.6.3"
requires_python = ">=3.7"
summary = "Easily download, build, install, upgrade, and uninstall Python packages"

[[package]]
name = "sqlparse"
version = "0.4.3"
requires_python = ">=3.5"
summary = "A non-validating SQL parser."

[[package]]
name = "torch"
version = "1.13.1"
requires_python = ">=3.7.0"
summary = "Tensors and Dynamic neural networks in Python with strong GPU acceleration"
dependencies = [
    "nvidia-cublas-cu11==11.10.3.66; platform_system == \"Linux\"",
    "nvidia-cuda-nvrtc-cu11==11.7.99; platform_system == \"Linux\"",
    "nvidia-cuda-runtime-cu11==11.7.99; platform_system == \"Linux\"",
    "nvidia-cudnn-cu11==8.5.0.96; platform_system == \"Linux\"",
    "typing-extensions",
]

[[package]]
name = "typing-extensions"
version = "4.4.0"
requires_python = ">=3.7"
summary = "Backported and Experimental Type Hints for Python 3.7+"

[[package]]
name = "wheel"
version = "0.38.4"
requires_python = ">=3.7"
summary = "A built-package format for Python"

[metadata]
lock_version = "4.1"
content_hash = "sha256:cd9cd122c7906b65ca8d9787d79f83887d3a86054c6fce8a0b8d4e66a8bf661a"

[metadata.files]
"asgiref 3.6.0" = [
    {url = "https://files.pythonhosted.org/packages/78/2d/797c0537426266d6c9377a2ed6a4ac61e50c2d5b1ab4da101a4b9bfe26e2/asgiref-3.6.0.tar.gz", hash = "sha256:9567dfe7bd8d3c8c892227827c41cce860b368104c3431da67a0c5a65a949506"},
    {url = "https://files.pythonhosted.org/packages/8f/29/38d10a47b322a77b2d12c2b79c789f52956f733cb701d4d5157c76b5f238/asgiref-3.6.0-py3-none-any.whl", hash = "sha256:71e68008da809b957b7ee4b43dbccff33d1b23519fb8344e33f049897077afac"},
]
"django 3.2.16" = [
    {url = "https://files.pythonhosted.org/packages/8a/c4/f946a6b02fcbba84e56074f2fc36866433b009bea2528b09fe0bac4fe1aa/Django-3.2.16-py3-none-any.whl", hash = "sha256:18ba8efa36b69cfcd4b670d0fa187c6fe7506596f0ababe580e16909bcdec121"},
    {url = "https://files.pythonhosted.org/packages/f1/d7/8ddb9d8fbbffd33329cf6dfc33e8367a8969c05cf91bc63138ca116301ba/Django-3.2.16.tar.gz", hash = "sha256:3adc285124244724a394fa9b9839cc8cd116faf7d159554c43ecdaa8cdf0b94d"},
]
"django-ninja 0.20.0" = [
    {url = "https://files.pythonhosted.org/packages/66/7a/0fd8f6347bac0d9a3003a6cfc07372dbcfde780ea8710f67b9f4ac609787/django_ninja-0.20.0-py3-none-any.whl", hash = "sha256:4803a5fde51b5363d46e0d4c0b2c5829d7b91e797b25d37854f0b1a70412c6df"},
    {url = "https://files.pythonhosted.org/packages/b3/38/9a67f282adc45cbb61bed1a878af371d5f6e2507c74f2e123ccb486eec79/django-ninja-0.20.0.tar.gz", hash = "sha256:b5af89955583de20031cb0a81b637a838f27822f3babb173253805306269ab79"},
]
"einops 0.6.0" = [
    {url = "https://files.pythonhosted.org/packages/4b/f7/8557c683501eb14462b60e32d21fc51317ab2ba39688db1b8b7cebe1a274/einops-0.6.0-py3-none-any.whl", hash = "sha256:c7b187a5dc725f079860ec2d330c1820448948622d826273345a8dd8d5f695bd"},
    {url = "https://files.pythonhosted.org/packages/84/c4/7d572f80556a6db6cbf2c3443881cf86c4470049975cdc38e9cb73c060f5/einops-0.6.0.tar.gz", hash = "sha256:6f6c78739316a2e3ccbce8052310497e69da092935e4173f2e76ec4e3a336a35"},
]
"nvidia-cublas-cu11 11.10.3.66" = [
    {url = "https://files.pythonhosted.org/packages/7a/08/57e6b6481af73590259a9600c32a68eb853966e354fca147cde17ed9ea27/nvidia_cublas_cu11-11.10.3.66-py3-none-win_amd64.whl", hash = "sha256:8ac17ba6ade3ed56ab898a036f9ae0756f1e81052a317bf98f8c6d18dc3ae49e"},
    {url = "https://files.pythonhosted.org/packages/ce/41/fdeb62b5437996e841d83d7d2714ca75b886547ee8017ee2fe6ea409d983/nvidia_cublas_cu11-11.10.3.66-py3-none-manylinux1_x86_64.whl", hash = "sha256:d32e4d75f94ddfb93ea0a5dda08389bcc65d8916a25cb9f37ac89edaeed3bded"},
]
"nvidia-cuda-nvrtc-cu11 11.7.99" = [
    {url = "https://files.pythonhosted.org/packages/9e/10/c9fc448f33d439981d6a74b693526871c4ef13e8d81a7b4de12e3a12a1b9/nvidia_cuda_nvrtc_cu11-11.7.99-py3-none-win_amd64.whl", hash = "sha256:f2effeb1309bdd1b3854fc9b17eaf997808f8b25968ce0c7070945c4265d64a3"},
    {url = "https://files.pythonhosted.org/packages/ea/8d/0709ba16c2831c17ec1c2ea1eeb89ada11ffa8d966d773cce0a7463b22bb/nvidia_cuda_nvrtc_cu11-11.7.99-py3-none-manylinux1_x86_64.whl", hash = "sha256:f7d9610d9b7c331fa0da2d1b2858a4a8315e6d49765091d28711c8946e7425e7"},
    {url = "https://files.pythonhosted.org/packages/ef/25/922c5996aada6611b79b53985af7999fc629aee1d5d001b6a22431e18fec/nvidia_cuda_nvrtc_cu11-11.7.99-2-py3-none-manylinux1_x86_64.whl", hash = "sha256:9f1562822ea264b7e34ed5930567e89242d266448e936b85bc97a3370feabb03"},
]
"nvidia-cuda-runtime-cu11 11.7.99" = [
    {url = "https://files.pythonhosted.org/packages/32/2c/d89ea2b4051fbabff8d2edda8c735dabae6d5d1b8d5215f9749d38dcdb72/nvidia_cuda_runtime_cu11-11.7.99-py3-none-win_amd64.whl", hash = "sha256:bc77fa59a7679310df9d5c70ab13c4e34c64ae2124dd1efd7e5474b71be125c7"},
    {url = "https://files.pythonhosted.org/packages/36/92/89cf558b514125d2ebd8344dd2f0533404b416486ff681d5434a5832a019/nvidia_cuda_runtime_cu11-11.7.99-py3-none-manylinux1_x86_64.whl", hash = "sha256:cc768314ae58d2641f07eac350f40f99dcb35719c4faff4bc458a7cd2b119e31"},
]
"nvidia-cudnn-cu11 8.5.0.96" = [
    {url = "https://files.pythonhosted.org/packages/db/69/4d28d4706946f89fffe3f87373a079ae95dc17f9c0fcd840fe570c67e36b/nvidia_cudnn_cu11-8.5.0.96-py3-none-manylinux1_x86_64.whl", hash = "sha256:71f8111eb830879ff2836db3cccf03bbd735df9b0d17cd93761732ac50a8a108"},
    {url = "https://files.pythonhosted.org/packages/dc/30/66d4347d6e864334da5bb1c7571305e501dcb11b9155971421bb7bb5315f/nvidia_cudnn_cu11-8.5.0.96-2-py3-none-manylinux1_x86_64.whl", hash = "sha256:402f40adfc6f418f9dae9ab402e773cfed9beae52333f6d86ae3107a1b9527e7"},
]
"pydantic 1.10.2" = [
    {url = "https://files.pythonhosted.org/packages/13/e3/5b83cba317390c9125e049a5328b8e19475098362d398a65936aaab3f00f/pydantic-1.10.2-cp38-cp38-musllinux_1_1_i686.whl", hash = "sha256:1ee433e274268a4b0c8fde7ad9d58ecba12b069a033ecc4645bb6303c062d2e9"},
    {url = "https://files.pythonhosted.org/packages/22/53/196c9a5752e30d682e493d7c00ea0a02377446578e577ae5e085010dc0bd/pydantic-1.10.2-cp37-cp37m-manylinux_2_17_x86_64.manylinux2014_x86_64.whl", hash = "sha256:81a7b66c3f499108b448f3f004801fcd7d7165fb4200acb03f1c2402da73ce4c"},
    {url = "https://files.pythonhosted.org/packages/33/82/40effb1628768af97223df215ed909cc25e0d04d5503667cf7fb5266ee0d/pydantic-1.10.2-cp311-cp311-musllinux_1_1_i686.whl", hash = "sha256:05e00dbebbe810b33c7a7362f231893183bcc4251f3f2ff991c31d5c08240c42"},
    {url = "https://files.pythonhosted.org/packages/33/dd/a8eda780256d32a0ebf2a507e3ee6776e485b98c15b5f6c9ee1661b7374a/pydantic-1.10.2-cp37-cp37m-musllinux_1_1_i686.whl", hash = "sha256:9300fcbebf85f6339a02c6994b2eb3ff1b9c8c14f502058b5bf349d42447dcf5"},
    {url = "https://files.pythonhosted.org/packages/4c/5f/11db15638a3f5b29c7ae6f24b43c1e7985f09b0fe983621d7ef1ff722020/pydantic-1.10.2-cp39-cp39-manylinux_2_17_x86_64.manylinux2014_x86_64.whl", hash = "sha256:6eb843dcc411b6a2237a694f5e1d649fc66c6064d02b204a7e9d194dff81eb4b"},
    {url = "https://files.pythonhosted.org/packages/4c/a9/26873855ce8c1d84cc892036c3396dd1e2d3233201d0b7002451f679ad8d/pydantic-1.10.2-cp310-cp310-macosx_11_0_arm64.whl", hash = "sha256:a1f5a63a6dfe19d719b1b6e6106561869d2efaca6167f84f5ab9347887d78b98"},
    {url = "https://files.pythonhosted.org/packages/4f/53/5747ced47f8af73753bdeb39271acaef47dc63873e0ca16fc33d4a777f31/pydantic-1.10.2-cp38-cp38-macosx_10_9_x86_64.whl", hash = "sha256:b97890e56a694486f772d36efd2ba31612739bc6f3caeee50e9e7e3ebd2fdd13"},
    {url = "https://files.pythonhosted.org/packages/5d/96/3861db92c405d491d02abf17a88f04575311f36688bdb9fb086838d0b379/pydantic-1.10.2-cp311-cp311-manylinux_2_5_i686.manylinux1_i686.manylinux_2_17_i686.manylinux2014_i686.whl", hash = "sha256:7b5ba54d026c2bd2cb769d3468885f23f43710f651688e91f5fb1edcf0ee9283"},
    {url = "https://files.pythonhosted.org/packages/65/06/5925bb1302daaacc28cdf3ac832d62bd0f5fdda5c648409d98cce26d78a4/pydantic-1.10.2-cp39-cp39-musllinux_1_1_i686.whl", hash = "sha256:e0bedafe4bc165ad0a56ac0bd7695df25c50f76961da29c050712596cf092d6d"},
    {url = "https://files.pythonhosted.org/packages/6e/fd/8ffad95e696caf36834c3819d1509f8fb146120501c8deb27c8bfb146b26/pydantic-1.10.2-cp310-cp310-musllinux_1_1_i686.whl", hash = "sha256:e9069e1b01525a96e6ff49e25876d90d5a563bc31c658289a8772ae186552236"},
    {url = "https://files.pythonhosted.org/packages/74/3e/f043a9db9f3ec835b49b084054a83e64a2057d6dabc15da4d2f00edaf8f4/pydantic-1.10.2-cp38-cp38-manylinux_2_17_x86_64.manylinux2014_x86_64.whl", hash = "sha256:06094d18dd5e6f2bbf93efa54991c3240964bb663b87729ac340eb5014310624"},
    {url = "https://files.pythonhosted.org/packages/74/4f/ea30b0bc3ea6f41d73c9aaa26fd51bd9d4f6f755c62625b592c2c2b1b6f0/pydantic-1.10.2-cp311-cp311-manylinux_2_17_x86_64.manylinux2014_x86_64.whl", hash = "sha256:37c90345ec7dd2f1bcef82ce49b6235b40f282b94d3eec47e801baf864d15525"},
    {url = "https://files.pythonhosted.org/packages/7a/1d/d61c9ae42b62686a4230a7747119527269cb8bd17fb7146ee463b1a3ed71/pydantic-1.10.2-cp37-cp37m-musllinux_1_1_x86_64.whl", hash = "sha256:216f3bcbf19c726b1cc22b099dd409aa371f55c08800bcea4c44c8f74b73478d"},
    {url = "https://files.pythonhosted.org/packages/7d/7d/58dd62f792b002fa28cce4e83cb90f4359809e6d12db86eedf26a752895c/pydantic-1.10.2.tar.gz", hash = "sha256:91b8e218852ef6007c2b98cd861601c6a09f1aa32bbbb74fab5b1c33d4a1e410"},
    {url = "https://files.pythonhosted.org/packages/87/f7/b02ec31ffd6eafdd2ca8a4a9f1a3ad2fa68ca8b850de82bbe99053e3d2c0/pydantic-1.10.2-cp310-cp310-manylinux_2_17_x86_64.manylinux2014_x86_64.whl", hash = "sha256:352aedb1d71b8b0736c6d56ad2bd34c6982720644b0624462059ab29bd6e5912"},
    {url = "https://files.pythonhosted.org/packages/88/6f/69a98253109e15de3eba1b6ec5c621f01c9e3735c2d3e6a949b4f467d78e/pydantic-1.10.2-cp310-cp310-manylinux_2_5_i686.manylinux1_i686.manylinux_2_17_i686.manylinux2014_i686.whl", hash = "sha256:19b3b9ccf97af2b7519c42032441a891a5e05c68368f40865a90eb88833c2559"},
    {url = "https://files.pythonhosted.org/packages/8a/18/2050f86b48b79fe731e7ca706f4914dd2fcfa4071ca29d5509deb54972fc/pydantic-1.10.2-cp38-cp38-win_amd64.whl", hash = "sha256:0b959f4d8211fc964772b595ebb25f7652da3f22322c007b6fed26846a40685e"},
    {url = "https://files.pythonhosted.org/packages/8a/b0/8a4349bb4388e1cd6b843a908b33bc1fea261ce948c287fd5b32e094dc96/pydantic-1.10.2-cp38-cp38-manylinux_2_5_i686.manylinux1_i686.manylinux_2_17_i686.manylinux2014_i686.whl", hash = "sha256:cc78cc83110d2f275ec1970e7a831f4e371ee92405332ebfe9860a715f8336e1"},
    {url = "https://files.pythonhosted.org/packages/92/fb/0d5e414d3f72b43c50572f63647fab3abf41cc9f04f810bec97e4d61f09a/pydantic-1.10.2-cp311-cp311-macosx_11_0_arm64.whl", hash = "sha256:d49f3db871575e0426b12e2f32fdb25e579dea16486a26e5a0474af87cb1ab0a"},
    {url = "https://files.pythonhosted.org/packages/97/d5/dc4bd637ba0c2cefc58f40415116b9bbc315aa41da158dc3b81d9d981c1c/pydantic-1.10.2-cp39-cp39-musllinux_1_1_x86_64.whl", hash = "sha256:2e05aed07fa02231dbf03d0adb1be1d79cabb09025dd45aa094aa8b4e7b9dcda"},
    {url = "https://files.pythonhosted.org/packages/a9/ce/f01d53fa974c954610e08be73058436f5df6a5125929a8d732030eeb19a8/pydantic-1.10.2-cp311-cp311-musllinux_1_1_x86_64.whl", hash = "sha256:2d0567e60eb01bccda3a4df01df677adf6b437958d35c12a3ac3e0f078b0ee52"},
    {url = "https://files.pythonhosted.org/packages/af/cf/beecf80bc07c9bd1612219b053950af9b04eb597806c9905dbcfd75fa50d/pydantic-1.10.2-cp39-cp39-macosx_10_9_x86_64.whl", hash = "sha256:c33602f93bfb67779f9c507e4d69451664524389546bacfe1bee13cae6dc7488"},
    {url = "https://files.pythonhosted.org/packages/b0/b5/b673ec4154429dcf152e993fd0a2146a3f8a2de3bc4a2dd0768ba051eefb/pydantic-1.10.2-cp311-cp311-win_amd64.whl", hash = "sha256:c6f981882aea41e021f72779ce2a4e87267458cc4d39ea990729e21ef18f0f8c"},
    {url = "https://files.pythonhosted.org/packages/b2/74/961f37b2c2df5c021dd4ac981750a455f0eea312f3eb074a0b7f0fd4663d/pydantic-1.10.2-cp39-cp39-manylinux_2_5_i686.manylinux1_i686.manylinux_2_17_i686.manylinux2014_i686.whl", hash = "sha256:4b8795290deaae348c4eba0cebb196e1c6b98bdbe7f50b2d0d9a4a99716342fe"},
    {url = "https://files.pythonhosted.org/packages/c2/f7/9c79223c4131bd258dd4b362e426804346b62b1a2e7c914f3eefd6f9f73c/pydantic-1.10.2-cp37-cp37m-macosx_10_9_x86_64.whl", hash = "sha256:c4aac8e7103bf598373208f6299fa9a5cfd1fc571f2d40bf1dd1955a63d6eeb5"},
    {url = "https://files.pythonhosted.org/packages/c4/ab/25e2515801f17d1434500ed59405a9f13030891896bd4fc90088f8bdf610/pydantic-1.10.2-cp311-cp311-macosx_10_9_x86_64.whl", hash = "sha256:a4c805731c33a8db4b6ace45ce440c4ef5336e712508b4d9e1aafa617dc9907f"},
    {url = "https://files.pythonhosted.org/packages/c6/9b/7a383fbd1f5f0ec8143fb9ebf57c22c4356fadedc0ca376262117e6f2878/pydantic-1.10.2-cp310-cp310-musllinux_1_1_x86_64.whl", hash = "sha256:355639d9afc76bcb9b0c3000ddcd08472ae75318a6eb67a15866b87e2efa168c"},
    {url = "https://files.pythonhosted.org/packages/d4/ec/230ab377c457cd68cfda78759e2a57f8c08a9e9adb4cd53c4d2fc9100b15/pydantic-1.10.2-py3-none-any.whl", hash = "sha256:1b6ee725bd6e83ec78b1aa32c5b1fa67a3a65badddde3976bca5fe4568f27709"},
    {url = "https://files.pythonhosted.org/packages/d6/8b/9ec347ac3a848bb8c356ec6c6a5a5066300f37e985915b0fa68cf78f448a/pydantic-1.10.2-cp310-cp310-win_amd64.whl", hash = "sha256:ae544c47bec47a86bc7d350f965d8b15540e27e5aa4f55170ac6a75e5f73b644"},
    {url = "https://files.pythonhosted.org/packages/dc/bf/5965230bf0547c5fa0005984564146dcc414e6e8b6349177eca413761013/pydantic-1.10.2-cp37-cp37m-win_amd64.whl", hash = "sha256:dd3f9a40c16daf323cf913593083698caee97df2804aa36c4b3175d5ac1b92a2"},
    {url = "https://files.pythonhosted.org/packages/e5/23/96ba59f91dc42b35d72d8ffd8eff1f9c4b508b927207f9122fcfa679c495/pydantic-1.10.2-cp38-cp38-musllinux_1_1_x86_64.whl", hash = "sha256:7c2abc4393dea97a4ccbb4ec7d8658d4e22c4765b7b9b9445588f16c71ad9965"},
    {url = "https://files.pythonhosted.org/packages/ef/a8/c11b225b5eae30cf7c00be4d056705aaee42cc646e77e7bda9e407728619/pydantic-1.10.2-cp39-cp39-win_amd64.whl", hash = "sha256:c1ba1afb396148bbc70e9eaa8c06c1716fdddabaf86e7027c5988bae2a829ab6"},
    {url = "https://files.pythonhosted.org/packages/f0/83/9bb5cfa0eca92d0c7c317438ecce33051c3879bf2b0a2b990e4e0d6070b7/pydantic-1.10.2-cp38-cp38-macosx_11_0_arm64.whl", hash = "sha256:9cabf4a7f05a776e7793e72793cd92cc865ea0e83a819f9ae4ecccb1b8aa6116"},
    {url = "https://files.pythonhosted.org/packages/f8/91/814d1d833d4d53ae4854dcb23256c55758b0fc01b90b20a297ee2c76bb84/pydantic-1.10.2-cp39-cp39-macosx_11_0_arm64.whl", hash = "sha256:5760e164b807a48a8f25f8aa1a6d857e6ce62e7ec83ea5d5c5a802eac81bad41"},
    {url = "https://files.pythonhosted.org/packages/fe/5b/6f77e6ebc93e5e3c7fd480e1b171a6547407eba901a56a65d2745df24144/pydantic-1.10.2-cp37-cp37m-manylinux_2_5_i686.manylinux1_i686.manylinux_2_17_i686.manylinux2014_i686.whl", hash = "sha256:bedf309630209e78582ffacda64a21f96f3ed2e51fbf3962d4d488e503420254"},
    {url = "https://files.pythonhosted.org/packages/fe/fd/8f7f8271d526378c927babd1229501e576760cef9a509909a3415eec3c0d/pydantic-1.10.2-cp310-cp310-macosx_10_9_x86_64.whl", hash = "sha256:bb6ad4489af1bac6955d38ebcb95079a836af31e4c4f74aba1ca05bb9f6027bd"},
]
"pytz 2022.7" = [
    {url = "https://files.pythonhosted.org/packages/3d/19/4de17f0d5cf5a0d87aa67532d4c2fa75e6e7d8df13c27635ff40fa6f4b76/pytz-2022.7-py2.py3-none-any.whl", hash = "sha256:93007def75ae22f7cd991c84e02d434876818661f8df9ad5df9e950ff4e52cfd"},
    {url = "https://files.pythonhosted.org/packages/6d/37/54f2d7c147e42dc85ffbc6910862bb4f141fb3fc14d9a88efaa1a76c7df2/pytz-2022.7.tar.gz", hash = "sha256:7ccfae7b4b2c067464a6733c6261673fdb8fd1be905460396b97a073e9fa683a"},
]
"setuptools 65.6.3" = [
    {url = "https://files.pythonhosted.org/packages/b6/21/cb9a8d0b2c8597c83fce8e9c02884bce3d4951e41e807fc35791c6b23d9a/setuptools-65.6.3.tar.gz", hash = "sha256:a7620757bf984b58deaf32fc8a4577a9bbc0850cf92c20e1ce41c38c19e5fb75"},
    {url = "https://files.pythonhosted.org/packages/ef/e3/29d6e1a07e8d90ace4a522d9689d03e833b67b50d1588e693eec15f26251/setuptools-65.6.3-py3-none-any.whl", hash = "sha256:57f6f22bde4e042978bcd50176fdb381d7c21a9efa4041202288d3737a0c6a54"},
]
"sqlparse 0.4.3" = [
    {url = "https://files.pythonhosted.org/packages/97/d3/31dd2c3e48fc2060819f4acb0686248250a0f2326356306b38a42e059144/sqlparse-0.4.3-py3-none-any.whl", hash = "sha256:0323c0ec29cd52bceabc1b4d9d579e311f3e4961b98d174201d5622a23b85e34"},
    {url = "https://files.pythonhosted.org/packages/ba/fa/5b7662b04b69f3a34b8867877e4dbf2a37b7f2a5c0bbb5a9eed64efd1ad1/sqlparse-0.4.3.tar.gz", hash = "sha256:69ca804846bb114d2ec380e4360a8a340db83f0ccf3afceeb1404df028f57268"},
]
"torch 1.13.1" = [
    {url = "https://files.pythonhosted.org/packages/00/86/77a9eddbf46f1bca2468d16a401911f58917f95b63402d6a7a4522521e5d/torch-1.13.1-cp37-cp37m-manylinux1_x86_64.whl", hash = "sha256:76024be052b659ac1304ab8475ab03ea0a12124c3e7626282c9c86798ac7bc11"},
    {url = "https://files.pythonhosted.org/packages/13/60/6129b3b0ce696e45774ab9b4b4f1a1bf5d74a2b9b2e81c88fb4620e6cad3/torch-1.13.1-cp38-none-macosx_10_9_x86_64.whl", hash = "sha256:33e67eea526e0bbb9151263e65417a9ef2d8fa53cbe628e87310060c9dcfa312"},
    {url = "https://files.pythonhosted.org/packages/19/ae/79b619e5f3abc7c3343c19d99678830369e9d87fe5ed44973e08e5b5bcaa/torch-1.13.1-cp37-cp37m-manylinux2014_aarch64.whl", hash = "sha256:ea8dda84d796094eb8709df0fcd6b56dc20b58fdd6bc4e8d7109930dafc8e419"},
    {url = "https://files.pythonhosted.org/packages/24/45/61e41ef8a84e1d6200ff10b7cb87e23e211599ab62420396a363295f973c/torch-1.13.1-cp310-none-macosx_11_0_arm64.whl", hash = "sha256:0122806b111b949d21fa1a5f9764d1fd2fcc4a47cb7f8ff914204fd4fc752ed5"},
    {url = "https://files.pythonhosted.org/packages/24/dd/22d7048ba641ed3699fc2dc04eb3384db1f09b0202b64c9f9fede0243e7d/torch-1.13.1-cp37-none-macosx_11_0_arm64.whl", hash = "sha256:f402ca80b66e9fbd661ed4287d7553f7f3899d9ab54bf5c67faada1555abde28"},
    {url = "https://files.pythonhosted.org/packages/25/09/184125ce54b2d7e665f3b674a1ac5d96b442f00dd11804490e926231e36b/torch-1.13.1-cp39-cp39-manylinux1_x86_64.whl", hash = "sha256:50ff5e76d70074f6653d191fe4f6a42fdbe0cf942fbe2a3af0b75eaa414ac038"},
    {url = "https://files.pythonhosted.org/packages/2c/45/43233d36e8e7ec5588fa802bb098337ae73c314863190c68797287f2fbdd/torch-1.13.1-cp310-cp310-manylinux2014_aarch64.whl", hash = "sha256:d9fe785d375f2e26a5d5eba5de91f89e6a3be5d11efb497e76705fdf93fa3c2e"},
    {url = "https://files.pythonhosted.org/packages/2d/ab/8210e877debc6e16c5f64345b08abfd667ade733329ef8b38dd06a362513/torch-1.13.1-cp39-none-macosx_11_0_arm64.whl", hash = "sha256:e0df902a7c7dd6c795698532ee5970ce898672625635d885eade9976e5a04949"},
    {url = "https://files.pythonhosted.org/packages/33/bd/e174e6737daba03f8eaa7c051b9971d361022eb37b86cbe5db0b08cab00e/torch-1.13.1-cp310-cp310-win_amd64.whl", hash = "sha256:98124598cdff4c287dbf50f53fb455f0c1e3a88022b39648102957f3445e9b76"},
    {url = "https://files.pythonhosted.org/packages/56/13/841d298885ca6b48923d502528d51af00a56f93179c152d31ae88d3054cd/torch-1.13.1-cp39-cp39-win_amd64.whl", hash = "sha256:0aa46f0ac95050c604bcf9ef71da9f1172e5037fdf2ebe051962d47b123848e7"},
    {url = "https://files.pythonhosted.org/packages/5d/91/1adb7b73c7dad9fb64ed26bc9d8c060afb9541fca68d71a9c1b48377f332/torch-1.13.1-cp38-none-macosx_11_0_arm64.whl", hash = "sha256:eeeb204d30fd40af6a2d80879b46a7efbe3cf43cdbeb8838dd4f3d126cc90b2b"},
    {url = "https://files.pythonhosted.org/packages/6b/0e/c640bda79e61766896fe16dfe0a3ab12b06ad50cf8814950518896dec0a5/torch-1.13.1-cp38-cp38-manylinux1_x86_64.whl", hash = "sha256:727dbf00e2cf858052364c0e2a496684b9cb5aa01dc8a8bc8bbb7c54502bdcdd"},
    {url = "https://files.pythonhosted.org/packages/81/58/431fd405855553af1a98091848cf97741302416b01462bbf9909d3c422b3/torch-1.13.1-cp310-cp310-manylinux1_x86_64.whl", hash = "sha256:fd12043868a34a8da7d490bf6db66991108b00ffbeecb034228bfcbbd4197143"},
    {url = "https://files.pythonhosted.org/packages/82/d8/0547f8a22a0c8aeb7e7e5e321892f1dcf93ea021829a99f1a25f1f535871/torch-1.13.1-cp310-none-macosx_10_9_x86_64.whl", hash = "sha256:393a6273c832e047581063fb74335ff50b4c566217019cc6ace318cd79eb0566"},
    {url = "https://files.pythonhosted.org/packages/86/08/41315a205bcd103a9698fa8afafbb73a234db8791cdb8b96d1efb10243a7/torch-1.13.1-cp39-cp39-manylinux2014_aarch64.whl", hash = "sha256:2c3581a3fd81eb1f0f22997cddffea569fea53bafa372b2c0471db373b26aafc"},
    {url = "https://files.pythonhosted.org/packages/a6/41/122f37c99422566ea74b9cce90eb9218f5e8fb2582466da220f95842a0a0/torch-1.13.1-cp38-cp38-win_amd64.whl", hash = "sha256:5e1e722a41f52a3f26f0c4fcec227e02c6c42f7c094f32e49d4beef7d1e213ea"},
    {url = "https://files.pythonhosted.org/packages/b1/85/62b8da9d984ae95f6fdda707df4af6552a5cea46fde2b944223daf236524/torch-1.13.1-cp37-cp37m-win_amd64.whl", hash = "sha256:2ee7b81e9c457252bddd7d3da66fb1f619a5d12c24d7074de91c4ddafb832c93"},
    {url = "https://files.pythonhosted.org/packages/b9/18/d97cdc571b4cb90c0d3613cffb19a55ef1e48e74e0c5a6c293e97234b7d3/torch-1.13.1-cp37-none-macosx_10_9_x86_64.whl", hash = "sha256:0d9b8061048cfb78e675b9d2ea8503bfe30db43d583599ae8626b1263a0c1380"},
    {url = "https://files.pythonhosted.org/packages/bf/47/d52be83b0ce72e83a6691177f27b110b7efefaae4f228f45e404c521e51d/torch-1.13.1-cp311-cp311-manylinux1_x86_64.whl", hash = "sha256:22128502fd8f5b25ac1cd849ecb64a418382ae81dd4ce2b5cebaa09ab15b0d9b"},
    {url = "https://files.pythonhosted.org/packages/ce/52/14eaa44345e444be2e2da749a7fdbdec71c45294cff33023de12ac3a9115/torch-1.13.1-cp39-none-macosx_10_9_x86_64.whl", hash = "sha256:6930791efa8757cb6974af73d4996b6b50c592882a324b8fb0589c6a9ba2ddaf"},
    {url = "https://files.pythonhosted.org/packages/f4/e5/003ac2b5b95cfea3a0a87150ede879daad446d581fdf967a8d7b2d4b6e05/torch-1.13.1-cp38-cp38-manylinux2014_aarch64.whl", hash = "sha256:df8434b0695e9ceb8cc70650afc1310d8ba949e6db2a0525ddd9c3b2b181e5fe"},
]
"typing-extensions 4.4.0" = [
    {url = "https://files.pythonhosted.org/packages/0b/8e/f1a0a5a76cfef77e1eb6004cb49e5f8d72634da638420b9ea492ce8305e8/typing_extensions-4.4.0-py3-none-any.whl", hash = "sha256:16fa4864408f655d35ec496218b85f79b3437c829e93320c7c9215ccfd92489e"},
    {url = "https://files.pythonhosted.org/packages/e3/a7/8f4e456ef0adac43f452efc2d0e4b242ab831297f1bac60ac815d37eb9cf/typing_extensions-4.4.0.tar.gz", hash = "sha256:1511434bb92bf8dd198c12b1cc812e800d4181cfcb867674e0f8279cc93087aa"},
]
"wheel 0.38.4" = [
    {url = "https://files.pythonhosted.org/packages/a2/b8/6a06ff0f13a00fc3c3e7d222a995526cbca26c1ad107691b6b1badbbabf1/wheel-0.38.4.tar.gz", hash = "sha256:965f5259b566725405b05e7cf774052044b1ed30119b5d586b2703aafe8719ac"},
    {url = "https://files.pythonhosted.org/packages/bd/7c/d38a0b30ce22fc26ed7dbc087c6d00851fb3395e9d0dac40bec1f905030c/wheel-0.38.4-py3-none-any.whl", hash = "sha256:b60533f3f5d530e971d6737ca6d58681ee434818fab630c83a734bb10c083ce8"},
]
